<?xml version="1.0" encoding="UTF-8" standalone="yes" ?>
<CodeBlocks_project_file>
	<FileVersion major="1" minor="6" />
	<Project>
		<Option title="gpvulc_path_test" />
		<Option pch_mode="2" />
		<Option compiler="gcc" />
		<Build>
			<Target title="Debug-x86">
				<Option output="../../bin/CB-Debug/gpvulc_path_test-x86" prefix_auto="1" extension_auto="1" />
				<Option working_dir="../../bin" />
				<Option object_output="../../TEMP/gpvulc_path_test/gcc-x86-Debug/" />
				<Option type="1" />
				<Option compiler="gcc" />
				<Compiler>
					<Add option="-g" />
				</Compiler>
				<Linker>
					<Add library="gpvulc_path-sd-x86" />
					<Add library="gtest-gcc-sd-x86" />
				</Linker>
			</Target>
			<Target title="Release-x86">
				<Option output="../../bin/gcc-x86-Release/gpvulc_path_test-x86" prefix_auto="1" extension_auto="1" />
				<Option working_dir="../../bin" />
				<Option object_output="../../TEMP/gpvulc_path_test/gcc-x86-Release/" />
				<Option type="1" />
				<Option compiler="gcc" />
				<Compiler>
					<Add option="-O2" />
				</Compiler>
				<Linker>
					<Add option="-s" />
					<Add library="gpvulc_path-s-x86" />
					<Add library="gtest-gcc-s-x86" />
				</Linker>
			</Target>
			<Target title="Debug-x64">
				<Option output="../../bin/CB-Debug/gpvulc_path_test-x64" prefix_auto="1" extension_auto="1" />
				<Option working_dir="../../bin" />
				<Option object_output="../../TEMP/gpvulc_path_test/gcc-x64-Debug/" />
				<Option type="1" />
				<Option compiler="gcc" />
				<Compiler>
					<Add option="-m64" />
					<Add option="-g" />
				</Compiler>
				<Linker>
					<Add option="-m64" />
					<Add library="gpvulc_path-sd-x64" />
					<Add library="gtest-gcc-sd-x64" />
				</Linker>
			</Target>
			<Target title="Release-x64">
				<Option output="../../bin/gcc-x64-Release/gpvulc_path_test-x64" prefix_auto="1" extension_auto="1" />
				<Option working_dir="../../bin" />
				<Option object_output="../../TEMP/gpvulc_path_test/gcc-x64-Release/" />
				<Option type="1" />
				<Option compiler="gcc" />
				<Compiler>
					<Add option="-m64" />
					<Add option="-O2" />
				</Compiler>
				<Linker>
					<Add option="-s" />
					<Add option="-m64" />
					<Add library="gpvulc_path-s-x64" />
					<Add library="gtest-gcc-s-x64" />
				</Linker>
			</Target>
		</Build>
		<Compiler>
			<Add option="-std=c++14" />
			<Add directory="../../../../gpvulc/include" />
			<Add directory="../../../../../depend/googletest/include" />
		</Compiler>
		<Linker>
			<Add option="-static" />
			<Add directory="../../../../gpvulc/lib/gcc" />
			<Add directory="../../../../../depend/googletest/lib/gcc" />
		</Linker>
		<Unit filename="../../src/PathInfo_test.cpp" />
		<Unit filename="../../src/gpvulc_path_test.cpp" />
		<Extensions>
			<lib_finder disable_auto="1" />
		</Extensions>
	</Project>
</CodeBlocks_project_file>
