<?xml version="1.0" encoding="UTF-8" standalone="yes" ?>
<CodeBlocks_project_file>
	<FileVersion major="1" minor="6" />
	<Project>
		<Option title="gpvulc_console" />
		<Option pch_mode="2" />
		<Option compiler="gcc" />
		<Build>
			<Target title="Debug-x86">
				<Option output="../../lib/gcc/gpvulc_console-sd-x86" prefix_auto="1" extension_auto="1" />
				<Option working_dir="" />
				<Option object_output="../../TEMP/gpvulc_console/gcc-x86-Debug" />
				<Option type="2" />
				<Option compiler="gcc" />
				<Option createDefFile="1" />
				<Compiler>
					<Add option="-m32" />
					<Add option="-g" />
				</Compiler>
				<Linker>
					<Add option="-m32" />
				</Linker>
			</Target>
			<Target title="Release-x86">
				<Option output="../../lib/gcc/gpvulc_console-s-x86" prefix_auto="1" extension_auto="1" />
				<Option working_dir="" />
				<Option object_output="../../TEMP/gpvulc_console/gcc-x86-Release" />
				<Option type="2" />
				<Option compiler="gcc" />
				<Option createDefFile="1" />
				<Compiler>
					<Add option="-m32" />
					<Add option="-O2" />
				</Compiler>
				<Linker>
					<Add option="-m32" />
					<Add option="-s" />
				</Linker>
			</Target>
			<Target title="Debug-x64">
				<Option output="../../lib/gcc/gpvulc_console-sd-x64" prefix_auto="1" extension_auto="1" />
				<Option working_dir="" />
				<Option object_output="../../TEMP/gpvulc_console/gcc-x64-Debug" />
				<Option type="2" />
				<Option compiler="gcc" />
				<Option createDefFile="1" />
				<Compiler>
					<Add option="-m64" />
					<Add option="-g" />
				</Compiler>
				<Linker>
					<Add option="-m64" />
				</Linker>
			</Target>
			<Target title="Release-x64">
				<Option output="../../lib/gcc/gpvulc_console-s-x64" prefix_auto="1" extension_auto="1" />
				<Option working_dir="" />
				<Option object_output="../../TEMP/gpvulc_console/gcc-x64-Release" />
				<Option type="2" />
				<Option compiler="gcc" />
				<Option createDefFile="1" />
				<Compiler>
					<Add option="-m64" />
					<Add option="-O2" />
				</Compiler>
				<Linker>
					<Add option="-m64" />
					<Add option="-s" />
				</Linker>
			</Target>
		</Build>
		<Compiler>
			<Add option="-std=c++14" />
			<Add option="-D_CODE_BLOCKS" />
			<Add directory="../../include" />
		</Compiler>
		<Linker>
			<Add option="-static" />
		</Linker>
		<Unit filename="../../include/gpvulc/console/MessageLogger.h" />
		<Unit filename="../../include/gpvulc/console/console_menu.h" />
		<Unit filename="../../include/gpvulc/console/console_util.h" />
		<Unit filename="../../src/console/MessageLogger.cpp" />
		<Unit filename="../../src/console/console_menu.cpp" />
		<Extensions>
			<lib_finder disable_auto="1" />
		</Extensions>
	</Project>
</CodeBlocks_project_file>
